PODS:
  - MMBaseUtility (0.1.4):
    - MMBaseUtility/DispatchSource (= 0.1.4)
    - MMBaseUtility/Header (= 0.1.4)
    - MMBaseUtility/KeyChain (= 0.1.4)
    - MMBaseUtility/MDLinkedMap (= 0.1.4)
    - MMBaseUtility/MDQueue (= 0.1.4)
    - MMBaseUtility/MDStack (= 0.1.4)
    - MMBaseUtility/MDWeakProxy (= 0.1.4)
    - MMBaseUtility/MFInetAddress (= 0.1.4)
    - MMBaseUtility/MMUtility (= 0.1.4)
    - MMBaseUtility/MultipleThread (= 0.1.4)
    - MMBaseUtility/PHPhotoLibrary (= 0.1.4)
    - MMBaseUtility/Timer (= 0.1.4)
    - MMBaseUtility/UIDevice (= 0.1.4)
    - MMBaseUtility/Util (= 0.1.4)
  - MMBaseUtility/DispatchSource (0.1.4):
    - MMBaseUtility/Header
  - MMBaseUtility/Header (0.1.4)
  - MMBaseUtility/KeyChain (0.1.4):
    - MMBaseUtility/Header
  - MMBaseUtility/MDLinkedMap (0.1.4):
    - MMBaseUtility/Header
  - MMBaseUtility/MDQueue (0.1.4):
    - MMBaseUtility/Header
  - MMBaseUtility/MDStack (0.1.4):
    - MMBaseUtility/Header
  - MMBaseUtility/MDWeakProxy (0.1.4):
    - MMBaseUtility/Header
  - MMBaseUtility/MFInetAddress (0.1.4):
    - MMBaseUtility/Header
  - MMBaseUtility/MMUtility (0.1.4):
    - MMBaseUtility/Header
  - MMBaseUtility/MultipleThread (0.1.4):
    - MMBaseUtility/Header
  - MMBaseUtility/PHPhotoLibrary (0.1.4):
    - MMBaseUtility/Header
  - MMBaseUtility/Timer (0.1.4):
    - MMBaseUtility/Header
  - MMBaseUtility/UIDevice (0.1.4):
    - MMBaseUtility/Header
  - MMBaseUtility/Util (0.1.4):
    - MMBaseUtility/Header
  - MMFrameManager (0.1.9.2):
    - MMBaseUtility
  - MMSBaseFoundation (0.0.13)
  - MMSUIBaseFoundation (0.0.13):
    - MMFrameManager

DEPENDENCIES:
  - MMSBaseFoundation (= 0.0.13)
  - MMSUIBaseFoundation (from `https://git.wemomo.com/ios/BaseFoundationLayer/MMSUIBaseFoundation.git`, branch `jenkins_test`)

SPEC REPOS:
  https://git.wemomo.com/ios/Specs.git:
    - MMBaseUtility
    - MMFrameManager
    - MMSBaseFoundation

EXTERNAL SOURCES:
  MMSUIBaseFoundation:
    :branch: jenkins_test
    :git: https://git.wemomo.com/ios/BaseFoundationLayer/MMSUIBaseFoundation.git

CHECKOUT OPTIONS:
  MMSUIBaseFoundation:
    :commit: 7b69e38df18afdbef680a3e235809c5e810f78b5
    :git: https://git.wemomo.com/ios/BaseFoundationLayer/MMSUIBaseFoundation.git

SPEC CHECKSUMS:
  MMBaseUtility: dfdf6ae3b2930edba2404f24693627f984da99d9
  MMFrameManager: d854789f04e41ea217ec720d1bd53fb9b2208809
  MMSBaseFoundation: 6f9dd7bc60aa344e7aaeee5af3d05fea0edb6714
  MMSUIBaseFoundation: aa4b85977376268a65045b43cd5de241f29f4f4a

PODFILE CHECKSUM: eb1231f8864dbea5a7b38d3c209a4b8894bf66f5

COCOAPODS: 1.11.2
